
Microsoft Visual Studio Solution File, Format Version 12.00
# Visual Studio Version 17
VisualStudioVersion = 17.0.31903.59
MinimumVisualStudioVersion = 10.0.40219.1
Project("{2150E333-8FDC-42A3-9474-1A3956D46DE8}") = "src", "src", "{E740B745-DFF6-49D6-AEFA-04F5B6FE7132}"
EndProject
Project("{FAE04EC0-301F-11D3-BF4B-00C04F79EFBC}") = "WebApi", "src\WebApi\WebApi.csproj", "{FC4F614C-AA43-4AD2-AFA9-0D88BD1C159C}"
EndProject
Project("{FAE04EC0-301F-11D3-BF4B-00C04F79EFBC}") = "Infrastructure.Persistence", "src\Infrastructure.Persistence\Infrastructure.Persistence.csproj", "{8DCDDB65-BEFD-47B4-BB40-8A8432B44E49}"
EndProject
Project("{FAE04EC0-301F-11D3-BF4B-00C04F79EFBC}") = "Domain", "src\Domain\Domain.csproj", "{21275370-C278-41B9-BC5D-AF24AD511C72}"
EndProject
Project("{FAE04EC0-301F-11D3-BF4B-00C04F79EFBC}") = "Application", "src\Application\Application.csproj", "{D77F4C61-6388-4D84-AED9-C57975225D37}"
EndProject
Project("{FAE04EC0-301F-11D3-BF4B-00C04F79EFBC}") = "Infrastructure.Cache", "src\Infrastructure.Cache\Infrastructure.Cache.csproj", "{FF81D5E2-1218-4003-9CFC-D8645C0B799B}"
EndProject
Project("{FAE04EC0-301F-11D3-BF4B-00C04F79EFBC}") = "Infrastructure.Identity", "src\Infrastructure.Identity\Infrastructure.Identity.csproj", "{6D57A3A7-324B-4028-9D13-19E01B19CCFB}"
EndProject
Project("{2150E333-8FDC-42A3-9474-1A3956D46DE8}") = "tests", "tests", "{0AB3BF05-4346-4AA6-1389-037BE0695223}"
EndProject
Project("{FAE04EC0-301F-11D3-BF4B-00C04F79EFBC}") = "Application.UnitTests", "tests\Application.UnitTests\Application.UnitTests.csproj", "{99421FD4-72C8-4360-A0C1-D20FA5ED9154}"
EndProject
Project("{FAE04EC0-301F-11D3-BF4B-00C04F79EFBC}") = "Infrastructure.Uploads", "src\Infrastructure.Uploads\Infrastructure.Uploads.csproj", "{19F37211-0129-4121-8E17-5608301734EE}"
EndProject
Project("{2150E333-8FDC-42A3-9474-1A3956D46DE8}") = "cli", "cli", "{342A349A-D343-8551-4064-2E2800C39E13}"
EndProject
Project("{FAE04EC0-301F-11D3-BF4B-00C04F79EFBC}") = "ConfigGenerator", "cli\ConfigGenerator\ConfigGenerator.csproj", "{002A40C0-07A1-454C-BAA1-A854FCA839F4}"
EndProject
Project("{FAE04EC0-301F-11D3-BF4B-00C04F79EFBC}") = "Cli.Common", "cli\Cli.Common\Cli.Common.csproj", "{885FF343-9081-4EDF-A8A3-89063734653C}"
EndProject
Project("{FAE04EC0-301F-11D3-BF4B-00C04F79EFBC}") = "WebApi.IntegrationTests", "tests\WebApi.IntegrationTests\WebApi.IntegrationTests.csproj", "{4559B72E-B2C8-4BC3-9A5F-408C15B3838F}"
EndProject
Project("{FAE04EC0-301F-11D3-BF4B-00C04F79EFBC}") = "Infrastructure.Identity.UnitTests", "tests\Infrastructure.Identity.UnitTests\Infrastructure.Identity.UnitTests.csproj", "{647B7A8B-29F9-4D5D-9568-D260FD7A55A3}"
EndProject
Project("{FAE04EC0-301F-11D3-BF4B-00C04F79EFBC}") = "Tests.Common", "tests\Tests.Common\Tests.Common.csproj", "{AD8F4DEB-BB31-488D-8118-FB6F6D9A04FA}"
EndProject
Project("{FAE04EC0-301F-11D3-BF4B-00C04F79EFBC}") = "Websockets", "src\Websockets\Websockets.csproj", "{BF0EBD78-B5D2-4C19-BAA1-B41F1503C68A}"
EndProject
Global
	GlobalSection(SolutionConfigurationPlatforms) = preSolution
		Debug|Any CPU = Debug|Any CPU
		Release|Any CPU = Release|Any CPU
	EndGlobalSection
	GlobalSection(ProjectConfigurationPlatforms) = postSolution
		{FC4F614C-AA43-4AD2-AFA9-0D88BD1C159C}.Debug|Any CPU.ActiveCfg = Debug|Any CPU
		{FC4F614C-AA43-4AD2-AFA9-0D88BD1C159C}.Debug|Any CPU.Build.0 = Debug|Any CPU
		{FC4F614C-AA43-4AD2-AFA9-0D88BD1C159C}.Release|Any CPU.ActiveCfg = Release|Any CPU
		{FC4F614C-AA43-4AD2-AFA9-0D88BD1C159C}.Release|Any CPU.Build.0 = Release|Any CPU
		{8DCDDB65-BEFD-47B4-BB40-8A8432B44E49}.Debug|Any CPU.ActiveCfg = Debug|Any CPU
		{8DCDDB65-BEFD-47B4-BB40-8A8432B44E49}.Debug|Any CPU.Build.0 = Debug|Any CPU
		{8DCDDB65-BEFD-47B4-BB40-8A8432B44E49}.Release|Any CPU.ActiveCfg = Release|Any CPU
		{8DCDDB65-BEFD-47B4-BB40-8A8432B44E49}.Release|Any CPU.Build.0 = Release|Any CPU
		{21275370-C278-41B9-BC5D-AF24AD511C72}.Debug|Any CPU.ActiveCfg = Debug|Any CPU
		{21275370-C278-41B9-BC5D-AF24AD511C72}.Debug|Any CPU.Build.0 = Debug|Any CPU
		{21275370-C278-41B9-BC5D-AF24AD511C72}.Release|Any CPU.ActiveCfg = Release|Any CPU
		{21275370-C278-41B9-BC5D-AF24AD511C72}.Release|Any CPU.Build.0 = Release|Any CPU
		{D77F4C61-6388-4D84-AED9-C57975225D37}.Debug|Any CPU.ActiveCfg = Debug|Any CPU
		{D77F4C61-6388-4D84-AED9-C57975225D37}.Debug|Any CPU.Build.0 = Debug|Any CPU
		{D77F4C61-6388-4D84-AED9-C57975225D37}.Release|Any CPU.ActiveCfg = Release|Any CPU
		{D77F4C61-6388-4D84-AED9-C57975225D37}.Release|Any CPU.Build.0 = Release|Any CPU
		{FF81D5E2-1218-4003-9CFC-D8645C0B799B}.Debug|Any CPU.ActiveCfg = Debug|Any CPU
		{FF81D5E2-1218-4003-9CFC-D8645C0B799B}.Debug|Any CPU.Build.0 = Debug|Any CPU
		{FF81D5E2-1218-4003-9CFC-D8645C0B799B}.Release|Any CPU.ActiveCfg = Release|Any CPU
		{FF81D5E2-1218-4003-9CFC-D8645C0B799B}.Release|Any CPU.Build.0 = Release|Any CPU
		{6D57A3A7-324B-4028-9D13-19E01B19CCFB}.Debug|Any CPU.ActiveCfg = Debug|Any CPU
		{6D57A3A7-324B-4028-9D13-19E01B19CCFB}.Debug|Any CPU.Build.0 = Debug|Any CPU
		{6D57A3A7-324B-4028-9D13-19E01B19CCFB}.Release|Any CPU.ActiveCfg = Release|Any CPU
		{6D57A3A7-324B-4028-9D13-19E01B19CCFB}.Release|Any CPU.Build.0 = Release|Any CPU
		{99421FD4-72C8-4360-A0C1-D20FA5ED9154}.Debug|Any CPU.ActiveCfg = Debug|Any CPU
		{99421FD4-72C8-4360-A0C1-D20FA5ED9154}.Debug|Any CPU.Build.0 = Debug|Any CPU
		{99421FD4-72C8-4360-A0C1-D20FA5ED9154}.Release|Any CPU.ActiveCfg = Release|Any CPU
		{99421FD4-72C8-4360-A0C1-D20FA5ED9154}.Release|Any CPU.Build.0 = Release|Any CPU
		{19F37211-0129-4121-8E17-5608301734EE}.Debug|Any CPU.ActiveCfg = Debug|Any CPU
		{19F37211-0129-4121-8E17-5608301734EE}.Debug|Any CPU.Build.0 = Debug|Any CPU
		{19F37211-0129-4121-8E17-5608301734EE}.Release|Any CPU.ActiveCfg = Release|Any CPU
		{19F37211-0129-4121-8E17-5608301734EE}.Release|Any CPU.Build.0 = Release|Any CPU
		{002A40C0-07A1-454C-BAA1-A854FCA839F4}.Debug|Any CPU.ActiveCfg = Debug|Any CPU
		{002A40C0-07A1-454C-BAA1-A854FCA839F4}.Debug|Any CPU.Build.0 = Debug|Any CPU
		{002A40C0-07A1-454C-BAA1-A854FCA839F4}.Release|Any CPU.ActiveCfg = Release|Any CPU
		{002A40C0-07A1-454C-BAA1-A854FCA839F4}.Release|Any CPU.Build.0 = Release|Any CPU
		{885FF343-9081-4EDF-A8A3-89063734653C}.Debug|Any CPU.ActiveCfg = Debug|Any CPU
		{885FF343-9081-4EDF-A8A3-89063734653C}.Debug|Any CPU.Build.0 = Debug|Any CPU
		{885FF343-9081-4EDF-A8A3-89063734653C}.Release|Any CPU.ActiveCfg = Release|Any CPU
		{885FF343-9081-4EDF-A8A3-89063734653C}.Release|Any CPU.Build.0 = Release|Any CPU
		{4559B72E-B2C8-4BC3-9A5F-408C15B3838F}.Debug|Any CPU.ActiveCfg = Debug|Any CPU
		{4559B72E-B2C8-4BC3-9A5F-408C15B3838F}.Debug|Any CPU.Build.0 = Debug|Any CPU
		{4559B72E-B2C8-4BC3-9A5F-408C15B3838F}.Release|Any CPU.ActiveCfg = Release|Any CPU
		{4559B72E-B2C8-4BC3-9A5F-408C15B3838F}.Release|Any CPU.Build.0 = Release|Any CPU
		{647B7A8B-29F9-4D5D-9568-D260FD7A55A3}.Debug|Any CPU.ActiveCfg = Debug|Any CPU
		{647B7A8B-29F9-4D5D-9568-D260FD7A55A3}.Debug|Any CPU.Build.0 = Debug|Any CPU
		{647B7A8B-29F9-4D5D-9568-D260FD7A55A3}.Release|Any CPU.ActiveCfg = Release|Any CPU
		{647B7A8B-29F9-4D5D-9568-D260FD7A55A3}.Release|Any CPU.Build.0 = Release|Any CPU
		{AD8F4DEB-BB31-488D-8118-FB6F6D9A04FA}.Debug|Any CPU.ActiveCfg = Debug|Any CPU
		{AD8F4DEB-BB31-488D-8118-FB6F6D9A04FA}.Debug|Any CPU.Build.0 = Debug|Any CPU
		{AD8F4DEB-BB31-488D-8118-FB6F6D9A04FA}.Release|Any CPU.ActiveCfg = Release|Any CPU
		{AD8F4DEB-BB31-488D-8118-FB6F6D9A04FA}.Release|Any CPU.Build.0 = Release|Any CPU
		{BF0EBD78-B5D2-4C19-BAA1-B41F1503C68A}.Debug|Any CPU.ActiveCfg = Debug|Any CPU
		{BF0EBD78-B5D2-4C19-BAA1-B41F1503C68A}.Debug|Any CPU.Build.0 = Debug|Any CPU
		{BF0EBD78-B5D2-4C19-BAA1-B41F1503C68A}.Release|Any CPU.ActiveCfg = Release|Any CPU
		{BF0EBD78-B5D2-4C19-BAA1-B41F1503C68A}.Release|Any CPU.Build.0 = Release|Any CPU
	EndGlobalSection
	GlobalSection(SolutionProperties) = preSolution
		HideSolutionNode = FALSE
	EndGlobalSection
	GlobalSection(NestedProjects) = preSolution
		{FC4F614C-AA43-4AD2-AFA9-0D88BD1C159C} = {E740B745-DFF6-49D6-AEFA-04F5B6FE7132}
		{8DCDDB65-BEFD-47B4-BB40-8A8432B44E49} = {E740B745-DFF6-49D6-AEFA-04F5B6FE7132}
		{21275370-C278-41B9-BC5D-AF24AD511C72} = {E740B745-DFF6-49D6-AEFA-04F5B6FE7132}
		{D77F4C61-6388-4D84-AED9-C57975225D37} = {E740B745-DFF6-49D6-AEFA-04F5B6FE7132}
		{FF81D5E2-1218-4003-9CFC-D8645C0B799B} = {E740B745-DFF6-49D6-AEFA-04F5B6FE7132}
		{6D57A3A7-324B-4028-9D13-19E01B19CCFB} = {E740B745-DFF6-49D6-AEFA-04F5B6FE7132}
		{99421FD4-72C8-4360-A0C1-D20FA5ED9154} = {0AB3BF05-4346-4AA6-1389-037BE0695223}
		{19F37211-0129-4121-8E17-5608301734EE} = {E740B745-DFF6-49D6-AEFA-04F5B6FE7132}
		{002A40C0-07A1-454C-BAA1-A854FCA839F4} = {342A349A-D343-8551-4064-2E2800C39E13}
		{885FF343-9081-4EDF-A8A3-89063734653C} = {342A349A-D343-8551-4064-2E2800C39E13}
		{4559B72E-B2C8-4BC3-9A5F-408C15B3838F} = {0AB3BF05-4346-4AA6-1389-037BE0695223}
		{647B7A8B-29F9-4D5D-9568-D260FD7A55A3} = {0AB3BF05-4346-4AA6-1389-037BE0695223}
		{AD8F4DEB-BB31-488D-8118-FB6F6D9A04FA} = {0AB3BF05-4346-4AA6-1389-037BE0695223}
		{BF0EBD78-B5D2-4C19-BAA1-B41F1503C68A} = {E740B745-DFF6-49D6-AEFA-04F5B6FE7132}
	EndGlobalSection
EndGlobal
